
Microsoft Visual Studio Solution File, Format Version 12.00
# Visual Studio Version 17
VisualStudioVersion = 17.7.34031.279
MinimumVisualStudioVersion = 10.0.40219.1
Project("{FAE04EC0-301F-11D3-BF4B-00C04F79EFBC}") = "mertebe hesablayici", "mertebe hesablayici\mertebe hesablayici.csproj", "{35CA2130-E08B-4B25-829C-F5FE63371AA3}"
EndProject
Global
	GlobalSection(SolutionConfigurationPlatforms) = preSolution
		Debug|Any CPU = Debug|Any CPU
		Release|Any CPU = Release|Any CPU
	EndGlobalSection
	GlobalSection(ProjectConfigurationPlatforms) = postSolution
		{35CA2130-E08B-4B25-829C-F5FE63371AA3}.Debug|Any CPU.ActiveCfg = Debug|Any CPU
		{35CA2130-E08B-4B25-829C-F5FE63371AA3}.Debug|Any CPU.Build.0 = Debug|Any CPU
		{35CA2130-E08B-4B25-829C-F5FE63371AA3}.Release|Any CPU.ActiveCfg = Release|Any CPU
		{35CA2130-E08B-4B25-829C-F5FE63371AA3}.Release|Any CPU.Build.0 = Release|Any CPU
	EndGlobalSection
	GlobalSection(SolutionProperties) = preSolution
		HideSolutionNode = FALSE
	EndGlobalSection
	GlobalSection(ExtensibilityGlobals) = postSolution
		SolutionGuid = {790B63CB-81E7-4D59-94A9-896D1DF273B6}
	EndGlobalSection
EndGlobal
