
Microsoft Visual Studio Solution File, Format Version 12.00
# Visual Studio Version 17
VisualStudioVersion = 17.7.34031.279
MinimumVisualStudioVersion = 10.0.40219.1
Project("{FAE04EC0-301F-11D3-BF4B-00C04F79EFBC}") = "2nin quvveti", "2nin quvveti\2nin quvveti.csproj", "{BFBA52E1-68A4-43B9-A236-B1B1BD923A34}"
EndProject
Global
	GlobalSection(SolutionConfigurationPlatforms) = preSolution
		Debug|Any CPU = Debug|Any CPU
		Release|Any CPU = Release|Any CPU
	EndGlobalSection
	GlobalSection(ProjectConfigurationPlatforms) = postSolution
		{BFBA52E1-68A4-43B9-A236-B1B1BD923A34}.Debug|Any CPU.ActiveCfg = Debug|Any CPU
		{BFBA52E1-68A4-43B9-A236-B1B1BD923A34}.Debug|Any CPU.Build.0 = Debug|Any CPU
		{BFBA52E1-68A4-43B9-A236-B1B1BD923A34}.Release|Any CPU.ActiveCfg = Release|Any CPU
		{BFBA52E1-68A4-43B9-A236-B1B1BD923A34}.Release|Any CPU.Build.0 = Release|Any CPU
	EndGlobalSection
	GlobalSection(SolutionProperties) = preSolution
		HideSolutionNode = FALSE
	EndGlobalSection
	GlobalSection(ExtensibilityGlobals) = postSolution
		SolutionGuid = {09EC2D07-F030-4120-8F4C-97E99880F33D}
	EndGlobalSection
EndGlobal
